
Microsoft Visual Studio Solution File, Format Version 12.00
# Visual Studio Version 17
VisualStudioVersion = 17.9.34622.214
MinimumVisualStudioVersion = 10.0.40219.1
Project("{FAE04EC0-301F-11D3-BF4B-00C04F79EFBC}") = "CityInfo.API", "CityInfo.API\CityInfo.API.csproj", "{11310287-9290-4C8A-9DF5-B625C6F13A47}"
EndProject
Global
	GlobalSection(SolutionConfigurationPlatforms) = preSolution
		Debug|Any CPU = Debug|Any CPU
		Release|Any CPU = Release|Any CPU
	EndGlobalSection
	GlobalSection(ProjectConfigurationPlatforms) = postSolution
		{11310287-9290-4C8A-9DF5-B625C6F13A47}.Debug|Any CPU.ActiveCfg = Debug|Any CPU
		{11310287-9290-4C8A-9DF5-B625C6F13A47}.Debug|Any CPU.Build.0 = Debug|Any CPU
		{11310287-9290-4C8A-9DF5-B625C6F13A47}.Release|Any CPU.ActiveCfg = Release|Any CPU
		{11310287-9290-4C8A-9DF5-B625C6F13A47}.Release|Any CPU.Build.0 = Release|Any CPU
	EndGlobalSection
	GlobalSection(SolutionProperties) = preSolution
		HideSolutionNode = FALSE
	EndGlobalSection
	GlobalSection(ExtensibilityGlobals) = postSolution
		SolutionGuid = {CFF7EE7F-8C79-4A53-8534-2C0863FC9177}
	EndGlobalSection
EndGlobal
